
Microsoft Visual Studio Solution File, Format Version 12.00
# Visual Studio Version 17
VisualStudioVersion = 17.14.36623.8 d17.14
MinimumVisualStudioVersion = 10.0.40219.1
Project("{FAE04EC0-301F-11D3-BF4B-00C04F79EFBC}") = "GroupProject", "GroupProject\GroupProject.csproj", "{4A36D50D-6D76-461C-A62D-4A82AEE1F494}"
EndProject
Project("{FAE04EC0-301F-11D3-BF4B-00C04F79EFBC}") = "DAL", "DAL\DAL.csproj", "{A1D1C58C-15CE-4806-8D9F-107EBAA2AA88}"
EndProject
Project("{FAE04EC0-301F-11D3-BF4B-00C04F79EFBC}") = "BLL", "BLL\BLL.csproj", "{42AF7902-4FDB-4752-B8DA-306AFD8BB2C7}"
EndProject
Global
	GlobalSection(SolutionConfigurationPlatforms) = preSolution
		Debug|Any CPU = Debug|Any CPU
		Release|Any CPU = Release|Any CPU
	EndGlobalSection
	GlobalSection(ProjectConfigurationPlatforms) = postSolution
		{4A36D50D-6D76-461C-A62D-4A82AEE1F494}.Debug|Any CPU.ActiveCfg = Debug|Any CPU
		{4A36D50D-6D76-461C-A62D-4A82AEE1F494}.Debug|Any CPU.Build.0 = Debug|Any CPU
		{4A36D50D-6D76-461C-A62D-4A82AEE1F494}.Release|Any CPU.ActiveCfg = Release|Any CPU
		{4A36D50D-6D76-461C-A62D-4A82AEE1F494}.Release|Any CPU.Build.0 = Release|Any CPU
		{A1D1C58C-15CE-4806-8D9F-107EBAA2AA88}.Debug|Any CPU.ActiveCfg = Debug|Any CPU
		{A1D1C58C-15CE-4806-8D9F-107EBAA2AA88}.Debug|Any CPU.Build.0 = Debug|Any CPU
		{A1D1C58C-15CE-4806-8D9F-107EBAA2AA88}.Release|Any CPU.ActiveCfg = Release|Any CPU
		{A1D1C58C-15CE-4806-8D9F-107EBAA2AA88}.Release|Any CPU.Build.0 = Release|Any CPU
		{42AF7902-4FDB-4752-B8DA-306AFD8BB2C7}.Debug|Any CPU.ActiveCfg = Debug|Any CPU
		{42AF7902-4FDB-4752-B8DA-306AFD8BB2C7}.Debug|Any CPU.Build.0 = Debug|Any CPU
		{42AF7902-4FDB-4752-B8DA-306AFD8BB2C7}.Release|Any CPU.ActiveCfg = Release|Any CPU
		{42AF7902-4FDB-4752-B8DA-306AFD8BB2C7}.Release|Any CPU.Build.0 = Release|Any CPU
	EndGlobalSection
	GlobalSection(SolutionProperties) = preSolution
		HideSolutionNode = FALSE
	EndGlobalSection
	GlobalSection(ExtensibilityGlobals) = postSolution
		SolutionGuid = {1F9D4F4F-EA2D-4698-BBF3-552AD977E43A}
	EndGlobalSection
EndGlobal
